
Microsoft Visual Studio Solution File, Format Version 12.00
# Visual Studio Version 17
VisualStudioVersion = 17.14.36518.9 d17.14
MinimumVisualStudioVersion = 10.0.40219.1
Project("{FAE04EC0-301F-11D3-BF4B-00C04F79EFBC}") = "bai5", "bai5.csproj", "{1C5479BA-B14E-9EBC-3CF9-E31695884B03}"
EndProject
Project("{FAE04EC0-301F-11D3-BF4B-00C04F79EFBC}") = "buoi7", "..\ConsoleApp1\buoi7.csproj", "{63580546-DB88-44B5-9295-F937D5860EFF}"
EndProject
Project("{FAE04EC0-301F-11D3-BF4B-00C04F79EFBC}") = "buoi7.1", "..\buoi7.1\buoi7.1.csproj", "{16E0D680-806D-4A6C-966D-A9AD29AE1EA6}"
EndProject
Project("{FAE04EC0-301F-11D3-BF4B-00C04F79EFBC}") = "buoi7.2", "..\buoi7.2\buoi7.2.csproj", "{5D3E0135-8994-4959-B246-B56F9263A867}"
EndProject
Project("{FAE04EC0-301F-11D3-BF4B-00C04F79EFBC}") = "buoi7.3", "..\buoi7.3\buoi7.3.csproj", "{C3B37CDC-90E9-406C-9379-332181EE10F9}"
EndProject
Project("{FAE04EC0-301F-11D3-BF4B-00C04F79EFBC}") = "LinQ", "..\LinQ\LinQ.csproj", "{4C5F222A-1B05-4D3E-9030-0FA8AFF373A2}"
EndProject
Global
	GlobalSection(SolutionConfigurationPlatforms) = preSolution
		Debug|Any CPU = Debug|Any CPU
		Release|Any CPU = Release|Any CPU
	EndGlobalSection
	GlobalSection(ProjectConfigurationPlatforms) = postSolution
		{1C5479BA-B14E-9EBC-3CF9-E31695884B03}.Debug|Any CPU.ActiveCfg = Debug|Any CPU
		{1C5479BA-B14E-9EBC-3CF9-E31695884B03}.Debug|Any CPU.Build.0 = Debug|Any CPU
		{1C5479BA-B14E-9EBC-3CF9-E31695884B03}.Release|Any CPU.ActiveCfg = Release|Any CPU
		{1C5479BA-B14E-9EBC-3CF9-E31695884B03}.Release|Any CPU.Build.0 = Release|Any CPU
		{63580546-DB88-44B5-9295-F937D5860EFF}.Debug|Any CPU.ActiveCfg = Debug|Any CPU
		{63580546-DB88-44B5-9295-F937D5860EFF}.Debug|Any CPU.Build.0 = Debug|Any CPU
		{63580546-DB88-44B5-9295-F937D5860EFF}.Release|Any CPU.ActiveCfg = Release|Any CPU
		{63580546-DB88-44B5-9295-F937D5860EFF}.Release|Any CPU.Build.0 = Release|Any CPU
		{16E0D680-806D-4A6C-966D-A9AD29AE1EA6}.Debug|Any CPU.ActiveCfg = Debug|Any CPU
		{16E0D680-806D-4A6C-966D-A9AD29AE1EA6}.Debug|Any CPU.Build.0 = Debug|Any CPU
		{16E0D680-806D-4A6C-966D-A9AD29AE1EA6}.Release|Any CPU.ActiveCfg = Release|Any CPU
		{16E0D680-806D-4A6C-966D-A9AD29AE1EA6}.Release|Any CPU.Build.0 = Release|Any CPU
		{5D3E0135-8994-4959-B246-B56F9263A867}.Debug|Any CPU.ActiveCfg = Debug|Any CPU
		{5D3E0135-8994-4959-B246-B56F9263A867}.Debug|Any CPU.Build.0 = Debug|Any CPU
		{5D3E0135-8994-4959-B246-B56F9263A867}.Release|Any CPU.ActiveCfg = Release|Any CPU
		{5D3E0135-8994-4959-B246-B56F9263A867}.Release|Any CPU.Build.0 = Release|Any CPU
		{C3B37CDC-90E9-406C-9379-332181EE10F9}.Debug|Any CPU.ActiveCfg = Debug|Any CPU
		{C3B37CDC-90E9-406C-9379-332181EE10F9}.Debug|Any CPU.Build.0 = Debug|Any CPU
		{C3B37CDC-90E9-406C-9379-332181EE10F9}.Release|Any CPU.ActiveCfg = Release|Any CPU
		{C3B37CDC-90E9-406C-9379-332181EE10F9}.Release|Any CPU.Build.0 = Release|Any CPU
		{4C5F222A-1B05-4D3E-9030-0FA8AFF373A2}.Debug|Any CPU.ActiveCfg = Debug|Any CPU
		{4C5F222A-1B05-4D3E-9030-0FA8AFF373A2}.Debug|Any CPU.Build.0 = Debug|Any CPU
		{4C5F222A-1B05-4D3E-9030-0FA8AFF373A2}.Release|Any CPU.ActiveCfg = Release|Any CPU
		{4C5F222A-1B05-4D3E-9030-0FA8AFF373A2}.Release|Any CPU.Build.0 = Release|Any CPU
	EndGlobalSection
	GlobalSection(SolutionProperties) = preSolution
		HideSolutionNode = FALSE
	EndGlobalSection
	GlobalSection(ExtensibilityGlobals) = postSolution
		SolutionGuid = {A4CF1829-38B4-485C-BA02-6ADFDB863C2C}
	EndGlobalSection
EndGlobal
