
Microsoft Visual Studio Solution File, Format Version 12.00
# Visual Studio Version 17
VisualStudioVersion = 17.14.36518.9 d17.14
MinimumVisualStudioVersion = 10.0.40219.1
Project("{FAE04EC0-301F-11D3-BF4B-00C04F79EFBC}") = "buoi7.2", "buoi7.2.csproj", "{59952681-06F7-AE08-7A89-290CEB25F703}"
EndProject
Global
	GlobalSection(SolutionConfigurationPlatforms) = preSolution
		Debug|Any CPU = Debug|Any CPU
		Release|Any CPU = Release|Any CPU
	EndGlobalSection
	GlobalSection(ProjectConfigurationPlatforms) = postSolution
		{59952681-06F7-AE08-7A89-290CEB25F703}.Debug|Any CPU.ActiveCfg = Debug|Any CPU
		{59952681-06F7-AE08-7A89-290CEB25F703}.Debug|Any CPU.Build.0 = Debug|Any CPU
		{59952681-06F7-AE08-7A89-290CEB25F703}.Release|Any CPU.ActiveCfg = Release|Any CPU
		{59952681-06F7-AE08-7A89-290CEB25F703}.Release|Any CPU.Build.0 = Release|Any CPU
	EndGlobalSection
	GlobalSection(SolutionProperties) = preSolution
		HideSolutionNode = FALSE
	EndGlobalSection
	GlobalSection(ExtensibilityGlobals) = postSolution
		SolutionGuid = {B1889145-7611-4587-9BDD-8AF704552F0F}
	EndGlobalSection
EndGlobal
