
Microsoft Visual Studio Solution File, Format Version 12.00
# Visual Studio Version 17
VisualStudioVersion = 17.14.36518.9 d17.14
MinimumVisualStudioVersion = 10.0.40219.1
Project("{FAE04EC0-301F-11D3-BF4B-00C04F79EFBC}") = "buoi7.3", "buoi7.3.csproj", "{0DF43F3F-274A-6A75-2A40-660955BDEABB}"
EndProject
Global
	GlobalSection(SolutionConfigurationPlatforms) = preSolution
		Debug|Any CPU = Debug|Any CPU
		Release|Any CPU = Release|Any CPU
	EndGlobalSection
	GlobalSection(ProjectConfigurationPlatforms) = postSolution
		{0DF43F3F-274A-6A75-2A40-660955BDEABB}.Debug|Any CPU.ActiveCfg = Debug|Any CPU
		{0DF43F3F-274A-6A75-2A40-660955BDEABB}.Debug|Any CPU.Build.0 = Debug|Any CPU
		{0DF43F3F-274A-6A75-2A40-660955BDEABB}.Release|Any CPU.ActiveCfg = Release|Any CPU
		{0DF43F3F-274A-6A75-2A40-660955BDEABB}.Release|Any CPU.Build.0 = Release|Any CPU
	EndGlobalSection
	GlobalSection(SolutionProperties) = preSolution
		HideSolutionNode = FALSE
	EndGlobalSection
	GlobalSection(ExtensibilityGlobals) = postSolution
		SolutionGuid = {2B4E8397-773E-4837-9F66-C5ED68E08634}
	EndGlobalSection
EndGlobal
